
Microsoft Visual Studio Solution File, Format Version 12.00
# Visual Studio 2013
VisualStudioVersion = 12.0.31101.0
MinimumVisualStudioVersion = 10.0.40219.1
Project("{FAE04EC0-301F-11D3-BF4B-00C04F79EFBC}") = "Trainning", "CodeFirstTest\Trainning.csproj", "{7066FF69-FEE1-4300-BD4B-DA999BE2A54C}"
EndProject
Project("{FAE04EC0-301F-11D3-BF4B-00C04F79EFBC}") = "LibTrainning", "LibTrainning\LibTrainning.csproj", "{84AC94F5-3F02-4642-BF44-4D16683015AD}"
EndProject
Global
	GlobalSection(SolutionConfigurationPlatforms) = preSolution
		Debug|Any CPU = Debug|Any CPU
		Release|Any CPU = Release|Any CPU
	EndGlobalSection
	GlobalSection(ProjectConfigurationPlatforms) = postSolution
		{7066FF69-FEE1-4300-BD4B-DA999BE2A54C}.Debug|Any CPU.ActiveCfg = Debug|Any CPU
		{7066FF69-FEE1-4300-BD4B-DA999BE2A54C}.Debug|Any CPU.Build.0 = Debug|Any CPU
		{7066FF69-FEE1-4300-BD4B-DA999BE2A54C}.Release|Any CPU.ActiveCfg = Release|Any CPU
		{7066FF69-FEE1-4300-BD4B-DA999BE2A54C}.Release|Any CPU.Build.0 = Release|Any CPU
		{84AC94F5-3F02-4642-BF44-4D16683015AD}.Debug|Any CPU.ActiveCfg = Debug|Any CPU
		{84AC94F5-3F02-4642-BF44-4D16683015AD}.Debug|Any CPU.Build.0 = Debug|Any CPU
		{84AC94F5-3F02-4642-BF44-4D16683015AD}.Release|Any CPU.ActiveCfg = Release|Any CPU
		{84AC94F5-3F02-4642-BF44-4D16683015AD}.Release|Any CPU.Build.0 = Release|Any CPU
	EndGlobalSection
	GlobalSection(SolutionProperties) = preSolution
		HideSolutionNode = FALSE
	EndGlobalSection
EndGlobal
